
Microsoft Visual Studio Solution File, Format Version 12.00
# Visual Studio Version 16
VisualStudioVersion = 16.0.31424.327
MinimumVisualStudioVersion = 10.0.40219.1
Project("{FAE04EC0-301F-11D3-BF4B-00C04F79EFBC}") = "stage", "stage\stage.csproj", "{6047463A-949D-4E66-810E-25D1807F8A25}"
EndProject
Global
	GlobalSection(SolutionConfigurationPlatforms) = preSolution
		Debug|Any CPU = Debug|Any CPU
		Release|Any CPU = Release|Any CPU
	EndGlobalSection
	GlobalSection(ProjectConfigurationPlatforms) = postSolution
		{6047463A-949D-4E66-810E-25D1807F8A25}.Debug|Any CPU.ActiveCfg = Debug|Any CPU
		{6047463A-949D-4E66-810E-25D1807F8A25}.Debug|Any CPU.Build.0 = Debug|Any CPU
		{6047463A-949D-4E66-810E-25D1807F8A25}.Release|Any CPU.ActiveCfg = Release|Any CPU
		{6047463A-949D-4E66-810E-25D1807F8A25}.Release|Any CPU.Build.0 = Release|Any CPU
	EndGlobalSection
	GlobalSection(SolutionProperties) = preSolution
		HideSolutionNode = FALSE
	EndGlobalSection
	GlobalSection(ExtensibilityGlobals) = postSolution
		SolutionGuid = {120A0B69-78C0-4271-B46B-0100A9DBE6CA}
	EndGlobalSection
EndGlobal
